
Microsoft Visual Studio Solution File, Format Version 12.00
# Visual Studio Version 17
VisualStudioVersion = 17.9.34622.214
MinimumVisualStudioVersion = 10.0.40219.1
Project("{FAE04EC0-301F-11D3-BF4B-00C04F79EFBC}") = "Auto_docker-compose", "Auto_docker-compose\Auto_docker-compose.csproj", "{A4075CD8-ACF8-440C-B73A-8CD54796EA45}"
EndProject
Global
	GlobalSection(SolutionConfigurationPlatforms) = preSolution
		Debug|Any CPU = Debug|Any CPU
		Release|Any CPU = Release|Any CPU
	EndGlobalSection
	GlobalSection(ProjectConfigurationPlatforms) = postSolution
		{A4075CD8-ACF8-440C-B73A-8CD54796EA45}.Debug|Any CPU.ActiveCfg = Debug|Any CPU
		{A4075CD8-ACF8-440C-B73A-8CD54796EA45}.Debug|Any CPU.Build.0 = Debug|Any CPU
		{A4075CD8-ACF8-440C-B73A-8CD54796EA45}.Release|Any CPU.ActiveCfg = Release|Any CPU
		{A4075CD8-ACF8-440C-B73A-8CD54796EA45}.Release|Any CPU.Build.0 = Release|Any CPU
	EndGlobalSection
	GlobalSection(SolutionProperties) = preSolution
		HideSolutionNode = FALSE
	EndGlobalSection
	GlobalSection(ExtensibilityGlobals) = postSolution
		SolutionGuid = {5E8FDBB2-421E-4DA2-92E4-AFE6E1A9C9AA}
	EndGlobalSection
EndGlobal
